// !$*UTF8*$!
{
	archiveVersion = 1;
	classes = {
	};
	objectVersion = 77;
	objects = {

/* Begin PBXContainerItemProxy section */
		E9055ABD2EB945E1001CF636 /* PBXContainerItemProxy */ = {
			isa = PBXContainerItemProxy;
			containerPortal = E9055AA72EB945DF001CF636 /* Project object */;
			proxyType = 1;
			remoteGlobalIDString = E9055AAE2EB945DF001CF636;
			remoteInfo = ToDoListProject;
		};
		E9055AC72EB945E1001CF636 /* PBXContainerItemProxy */ = {
			isa = PBXContainerItemProxy;
			containerPortal = E9055AA72EB945DF001CF636 /* Project object */;
			proxyType = 1;
			remoteGlobalIDString = E9055AAE2EB945DF001CF636;
			remoteInfo = ToDoListProject;
		};
/* End PBXContainerItemProxy section */

/* Begin PBXFileReference section */
		E9055AAF2EB945DF001CF636 /* ToDoListProject.app */ = {isa = PBXFileReference; explicitFileType = wrapper.application; includeInIndex = 0; path = ToDoListProject.app; sourceTree = BUILT_PRODUCTS_DIR; };
		E9055ABC2EB945E1001CF636 /* ToDoListProjectTests.xctest */ = {isa = PBXFileReference; explicitFileType = wrapper.cfbundle; includeInIndex = 0; path = ToDoListProjectTests.xctest; sourceTree = BUILT_PRODUCTS_DIR; };
		E9055AC62EB945E1001CF636 /* ToDoListProjectUITests.xctest */ = {isa = PBXFileReference; explicitFileType = wrapper.cfbundle; includeInIndex = 0; path = ToDoListProjectUITests.xctest; sourceTree = BUILT_PRODUCTS_DIR; };
/* End PBXFileReference section */

/* Begin PBXFileSystemSynchronizedRootGroup section */
		E9055AB12EB945DF001CF636 /* ToDoListProject */ = {
			isa = PBXFileSystemSynchronizedRootGroup;
			path = ToDoListProject;
			sourceTree = "<group>";
		};
		E9055ABF2EB945E1001CF636 /* ToDoListProjectTests */ = {
			isa = PBXFileSystemSynchronizedRootGroup;
			path = ToDoListProjectTests;
			sourceTree = "<group>";
		};
		E9055AC92EB945E1001CF636 /* ToDoListProjectUITests */ = {
			isa = PBXFileSystemSynchronizedRootGroup;
			path = ToDoListProjectUITests;
			sourceTree = "<group>";
		};
/* End PBXFileSystemSynchronizedRootGroup section */

/* Begin PBXFrameworksBuildPhase section */
		E9055AAC2EB945DF001CF636 /* Frameworks */ = {
			isa = PBXFrameworksBuildPhase;
			buildActionMask = 2147483647;
			files = (
			);
			runOnlyForDeploymentPostprocessing = 0;
		};
		E9055AB92EB945E1001CF636 /* Frameworks */ = {
			isa = PBXFrameworksBuildPhase;
			buildActionMask = 2147483647;
			files = (
			);
			runOnlyForDeploymentPostprocessing = 0;
		};
		E9055AC32EB945E1001CF636 /* Frameworks */ = {
			isa = PBXFrameworksBuildPhase;
			buildActionMask = 2147483647;
			files = (
			);
			runOnlyForDeploymentPostprocessing = 0;
		};
/* End PBXFrameworksBuildPhase section */

/* Begin PBXGroup section */
		E9055AA62EB945DF001CF636 = {
			isa = PBXGroup;
			children = (
				E9055AB12EB945DF001CF636 /* ToDoListProject */,
				E9055ABF2EB945E1001CF636 /* ToDoListProjectTests */,
				E9055AC92EB945E1001CF636 /* ToDoListProjectUITests */,
				E9055AB02EB945DF001CF636 /* Products */,
			);
			sourceTree = "<group>";
		};
		E9055AB02EB945DF001CF636 /* Products */ = {
			isa = PBXGroup;
			children = (
				E9055AAF2EB945DF001CF636 /* ToDoListProject.app */,
				E9055ABC2EB945E1001CF636 /* ToDoListProjectTests.xctest */,
				E9055AC62EB945E1001CF636 /* ToDoListProjectUITests.xctest */,
			);
			name = Products;
			sourceTree = "<group>";
		};
/* End PBXGroup section */

/* Begin PBXNativeTarget section */
		E9055AAE2EB945DF001CF636 /* ToDoListProject */ = {
			isa = PBXNativeTarget;
			buildConfigurationList = E9055AD02EB945E1001CF636 /* Build configuration list for PBXNativeTarget "ToDoListProject" */;
			buildPhases = (
				E9055AAB2EB945DF001CF636 /* Sources */,
				E9055AAC2EB945DF001CF636 /* Frameworks */,
				E9055AAD2EB945DF001CF636 /* Resources */,
			);
			buildRules = (
			);
			dependencies = (
			);
			fileSystemSynchronizedGroups = (
				E9055AB12EB945DF001CF636 /* ToDoListProject */,
			);
			name = ToDoListProject;
			packageProductDependencies = (
			);
			productName = ToDoListProject;
			productReference = E9055AAF2EB945DF001CF636 /* ToDoListProject.app */;
			productType = "com.apple.product-type.application";
		};
		E9055ABB2EB945E1001CF636 /* ToDoListProjectTests */ = {
			isa = PBXNativeTarget;
			buildConfigurationList = E9055AD32EB945E1001CF636 /* Build configuration list for PBXNativeTarget "ToDoListProjectTests" */;
			buildPhases = (
				E9055AB82EB945E1001CF636 /* Sources */,
				E9055AB92EB945E1001CF636 /* Frameworks */,
				E9055ABA2EB945E1001CF636 /* Resources */,
			);
			buildRules = (
			);
			dependencies = (
				E9055ABE2EB945E1001CF636 /* PBXTargetDependency */,
			);
			fileSystemSynchronizedGroups = (
				E9055ABF2EB945E1001CF636 /* ToDoListProjectTests */,
			);
			name = ToDoListProjectTests;
			packageProductDependencies = (
			);
			productName = ToDoListProjectTests;
			productReference = E9055ABC2EB945E1001CF636 /* ToDoListProjectTests.xctest */;
			productType = "com.apple.product-type.bundle.unit-test";
		};
		E9055AC52EB945E1001CF636 /* ToDoListProjectUITests */ = {
			isa = PBXNativeTarget;
			buildConfigurationList = E9055AD62EB945E1001CF636 /* Build configuration list for PBXNativeTarget "ToDoListProjectUITests" */;
			buildPhases = (
				E9055AC22EB945E1001CF636 /* Sources */,
				E9055AC32EB945E1001CF636 /* Frameworks */,
				E9055AC42EB945E1001CF636 /* Resources */,
			);
			buildRules = (
			);
			dependencies = (
				E9055AC82EB945E1001CF636 /* PBXTargetDependency */,
			);
			fileSystemSynchronizedGroups = (
				E9055AC92EB945E1001CF636 /* ToDoListProjectUITests */,
			);
			name = ToDoListProjectUITests;
			packageProductDependencies = (
			);
			productName = ToDoListProjectUITests;
			productReference = E9055AC62EB945E1001CF636 /* ToDoListProjectUITests.xctest */;
			productType = "com.apple.product-type.bundle.ui-testing";
		};
/* End PBXNativeTarget section */

/* Begin PBXProject section */
		E9055AA72EB945DF001CF636 /* Project object */ = {
			isa = PBXProject;
			attributes = {
				BuildIndependentTargetsInParallel = 1;
				LastSwiftUpdateCheck = 1640;
				LastUpgradeCheck = 1640;
				TargetAttributes = {
					E9055AAE2EB945DF001CF636 = {
						CreatedOnToolsVersion = 16.4;
					};
					E9055ABB2EB945E1001CF636 = {
						CreatedOnToolsVersion = 16.4;
						TestTargetID = E9055AAE2EB945DF001CF636;
					};
					E9055AC52EB945E1001CF636 = {
						CreatedOnToolsVersion = 16.4;
						TestTargetID = E9055AAE2EB945DF001CF636;
					};
				};
			};
			buildConfigurationList = E9055AAA2EB945DF001CF636 /* Build configuration list for PBXProject "ToDoListProject" */;
			developmentRegion = en;
			hasScannedForEncodings = 0;
			knownRegions = (
				en,
				Base,
			);
			mainGroup = E9055AA62EB945DF001CF636;
			minimizedProjectReferenceProxies = 1;
			preferredProjectObjectVersion = 77;
			productRefGroup = E9055AB02EB945DF001CF636 /* Products */;
			projectDirPath = "";
			projectRoot = "";
			targets = (
				E9055AAE2EB945DF001CF636 /* ToDoListProject */,
				E9055ABB2EB945E1001CF636 /* ToDoListProjectTests */,
				E9055AC52EB945E1001CF636 /* ToDoListProjectUITests */,
			);
		};
/* End PBXProject section */

/* Begin PBXResourcesBuildPhase section */
		E9055AAD2EB945DF001CF636 /* Resources */ = {
			isa = PBXResourcesBuildPhase;
			buildActionMask = 2147483647;
			files = (
			);
			runOnlyForDeploymentPostprocessing = 0;
		};
		E9055ABA2EB945E1001CF636 /* Resources */ = {
			isa = PBXResourcesBuildPhase;
			buildActionMask = 2147483647;
			files = (
			);
			runOnlyForDeploymentPostprocessing = 0;
		};
		E9055AC42EB945E1001CF636 /* Resources */ = {
			isa = PBXResourcesBuildPhase;
			buildActionMask = 2147483647;
			files = (
			);
			runOnlyForDeploymentPostprocessing = 0;
		};
/* End PBXResourcesBuildPhase section */

/* Begin PBXSourcesBuildPhase section */
		E9055AAB2EB945DF001CF636 /* Sources */ = {
			isa = PBXSourcesBuildPhase;
			buildActionMask = 2147483647;
			files = (
			);
			runOnlyForDeploymentPostprocessing = 0;
		};
		E9055AB82EB945E1001CF636 /* Sources */ = {
			isa = PBXSourcesBuildPhase;
			buildActionMask = 2147483647;
			files = (
			);
			runOnlyForDeploymentPostprocessing = 0;
		};
		E9055AC22EB945E1001CF636 /* Sources */ = {
			isa = PBXSourcesBuildPhase;
			buildActionMask = 2147483647;
			files = (
			);
			runOnlyForDeploymentPostprocessing = 0;
		};
/* End PBXSourcesBuildPhase section */

/* Begin PBXTargetDependency section */
		E9055ABE2EB945E1001CF636 /* PBXTargetDependency */ = {
			isa = PBXTargetDependency;
			target = E9055AAE2EB945DF001CF636 /* ToDoListProject */;
			targetProxy = E9055ABD2EB945E1001CF636 /* PBXContainerItemProxy */;
		};
		E9055AC82EB945E1001CF636 /* PBXTargetDependency */ = {
			isa = PBXTargetDependency;
			target = E9055AAE2EB945DF001CF636 /* ToDoListProject */;
			targetProxy = E9055AC72EB945E1001CF636 /* PBXContainerItemProxy */;
		};
/* End PBXTargetDependency section */

/* Begin XCBuildConfiguration section */
		E9055ACE2EB945E1001CF636 /* Debug */ = {
			isa = XCBuildConfiguration;
			buildSettings = {
				ALWAYS_SEARCH_USER_PATHS = NO;
				ASSETCATALOG_COMPILER_GENERATE_SWIFT_ASSET_SYMBOL_EXTENSIONS = YES;
				CLANG_ANALYZER_NONNULL = YES;
				CLANG_ANALYZER_NUMBER_OBJECT_CONVERSION = YES_AGGRESSIVE;
				CLANG_CXX_LANGUAGE_STANDARD = "gnu++20";
				CLANG_ENABLE_MODULES = YES;
				CLANG_ENABLE_OBJC_ARC = YES;
				CLANG_ENABLE_OBJC_WEAK = YES;
				CLANG_WARN_BLOCK_CAPTURE_AUTORELEASING = YES;
				CLANG_WARN_BOOL_CONVERSION = YES;
				CLANG_WARN_COMMA = YES;
				CLANG_WARN_CONSTANT_CONVERSION = YES;
				CLANG_WARN_DEPRECATED_OBJC_IMPLEMENTATIONS = YES;
				CLANG_WARN_DIRECT_OBJC_ISA_USAGE = YES_ERROR;
				CLANG_WARN_DOCUMENTATION_COMMENTS = YES;
				CLANG_WARN_EMPTY_BODY = YES;
				CLANG_WARN_ENUM_CONVERSION = YES;
				CLANG_WARN_INFINITE_RECURSION = YES;
				CLANG_WARN_INT_CONVERSION = YES;
				CLANG_WARN_NON_LITERAL_NULL_CONVERSION = YES;
				CLANG_WARN_OBJC_IMPLICIT_RETAIN_SELF = YES;
				CLANG_WARN_OBJC_LITERAL_CONVERSION = YES;
				CLANG_WARN_OBJC_ROOT_CLASS = YES_ERROR;
				CLANG_WARN_QUOTED_INCLUDE_IN_FRAMEWORK_HEADER = YES;
				CLANG_WARN_RANGE_LOOP_ANALYSIS = YES;
				CLANG_WARN_STRICT_PROTOTYPES = YES;
				CLANG_WARN_SUSPICIOUS_MOVE = YES;
				CLANG_WARN_UNGUARDED_AVAILABILITY = YES_AGGRESSIVE;
				CLANG_WARN_UNREACHABLE_CODE = YES;
				CLANG_WARN__DUPLICATE_METHOD_MATCH = YES;
				COPY_PHASE_STRIP = NO;
				DEBUG_INFORMATION_FORMAT = dwarf;
				ENABLE_STRICT_OBJC_MSGSEND = YES;
				ENABLE_TESTABILITY = YES;
				ENABLE_USER_SCRIPT_SANDBOXING = YES;
				GCC_C_LANGUAGE_STANDARD = gnu17;
				GCC_DYNAMIC_NO_PIC = NO;
				GCC_NO_COMMON_BLOCKS = YES;
				GCC_OPTIMIZATION_LEVEL = 0;
				GCC_PREPROCESSOR_DEFINITIONS = (
					"DEBUG=1",
					"$(inherited)",
				);
				GCC_WARN_64_TO_32_BIT_CONVERSION = YES;
				GCC_WARN_ABOUT_RETURN_TYPE = YES_ERROR;
				GCC_WARN_UNDECLARED_SELECTOR = YES;
				GCC_WARN_UNINITIALIZED_AUTOS = YES_AGGRESSIVE;
				GCC_WARN_UNUSED_FUNCTION = YES;
				GCC_WARN_UNUSED_VARIABLE = YES;
				IPHONEOS_DEPLOYMENT_TARGET = 18.5;
				LOCALIZATION_PREFERS_STRING_CATALOGS = YES;
				MTL_ENABLE_DEBUG_INFO = INCLUDE_SOURCE;
				MTL_FAST_MATH = YES;
				ONLY_ACTIVE_ARCH = YES;
				SDKROOT = iphoneos;
				SWIFT_ACTIVE_COMPILATION_CONDITIONS = "DEBUG $(inherited)";
				SWIFT_OPTIMIZATION_LEVEL = "-Onone";
			};
			name = Debug;
		};
		E9055ACF2EB945E1001CF636 /* Release */ = {
			isa = XCBuildConfiguration;
			buildSettings = {
				ALWAYS_SEARCH_USER_PATHS = NO;
				ASSETCATALOG_COMPILER_GENERATE_SWIFT_ASSET_SYMBOL_EXTENSIONS = YES;
				CLANG_ANALYZER_NONNULL = YES;
				CLANG_ANALYZER_NUMBER_OBJECT_CONVERSION = YES_AGGRESSIVE;
				CLANG_CXX_LANGUAGE_STANDARD = "gnu++20";
				CLANG_ENABLE_MODULES = YES;
				CLANG_ENABLE_OBJC_ARC = YES;
				CLANG_ENABLE_OBJC_WEAK = YES;
				CLANG_WARN_BLOCK_CAPTURE_AUTORELEASING = YES;
				CLANG_WARN_BOOL_CONVERSION = YES;
				CLANG_WARN_COMMA = YES;
				CLANG_WARN_CONSTANT_CONVERSION = YES;
				CLANG_WARN_DEPRECATED_OBJC_IMPLEMENTATIONS = YES;
				CLANG_WARN_DIRECT_OBJC_ISA_USAGE = YES_ERROR;
				CLANG_WARN_DOCUMENTATION_COMMENTS = YES;
				CLANG_WARN_EMPTY_BODY = YES;
				CLANG_WARN_ENUM_CONVERSION = YES;
				CLANG_WARN_INFINITE_RECURSION = YES;
				CLANG_WARN_INT_CONVERSION = YES;
				CLANG_WARN_NON_LITERAL_NULL_CONVERSION = YES;
				CLANG_WARN_OBJC_IMPLICIT_RETAIN_SELF = YES;
				CLANG_WARN_OBJC_LITERAL_CONVERSION = YES;
				CLANG_WARN_OBJC_ROOT_CLASS = YES_ERROR;
				CLANG_WARN_QUOTED_INCLUDE_IN_FRAMEWORK_HEADER = YES;
				CLANG_WARN_RANGE_LOOP_ANALYSIS = YES;
				CLANG_WARN_STRICT_PROTOTYPES = YES;
				CLANG_WARN_SUSPICIOUS_MOVE = YES;
				CLANG_WARN_UNGUARDED_AVAILABILITY = YES_AGGRESSIVE;
				CLANG_WARN_UNREACHABLE_CODE = YES;
				CLANG_WARN__DUPLICATE_METHOD_MATCH = YES;
				COPY_PHASE_STRIP = NO;
				DEBUG_INFORMATION_FORMAT = "dwarf-with-dsym";
				ENABLE_NS_ASSERTIONS = NO;
				ENABLE_STRICT_OBJC_MSGSEND = YES;
				ENABLE_USER_SCRIPT_SANDBOXING = YES;
				GCC_C_LANGUAGE_STANDARD = gnu17;
				GCC_NO_COMMON_BLOCKS = YES;
				GCC_WARN_64_TO_32_BIT_CONVERSION = YES;
				GCC_WARN_ABOUT_RETURN_TYPE = YES_ERROR;
				GCC_WARN_UNDECLARED_SELECTOR = YES;
				GCC_WARN_UNINITIALIZED_AUTOS = YES_AGGRESSIVE;
				GCC_WARN_UNUSED_FUNCTION = YES;
				GCC_WARN_UNUSED_VARIABLE = YES;
				IPHONEOS_DEPLOYMENT_TARGET = 18.5;
				LOCALIZATION_PREFERS_STRING_CATALOGS = YES;
				MTL_ENABLE_DEBUG_INFO = NO;
				MTL_FAST_MATH = YES;
				SDKROOT = iphoneos;
				SWIFT_COMPILATION_MODE = wholemodule;
				VALIDATE_PRODUCT = YES;
			};
			name = Release;
		};
		E9055AD12EB945E1001CF636 /* Debug */ = {
			isa = XCBuildConfiguration;
			buildSettings = {
				ASSETCATALOG_COMPILER_APPICON_NAME = AppIcon;
				ASSETCATALOG_COMPILER_GLOBAL_ACCENT_COLOR_NAME = AccentColor;
				CODE_SIGN_STYLE = Automatic;
				CURRENT_PROJECT_VERSION = 1;
				ENABLE_PREVIEWS = YES;
				GENERATE_INFOPLIST_FILE = YES;
				INFOPLIST_KEY_UIApplicationSceneManifest_Generation = YES;
				INFOPLIST_KEY_UIApplicationSupportsIndirectInputEvents = YES;
				INFOPLIST_KEY_UILaunchScreen_Generation = YES;
				INFOPLIST_KEY_UISupportedInterfaceOrientations_iPad = "UIInterfaceOrientationPortrait UIInterfaceOrientationPortraitUpsideDown UIInterfaceOrientationLandscapeLeft UIInterfaceOrientationLandscapeRight";
				INFOPLIST_KEY_UISupportedInterfaceOrientations_iPhone = "UIInterfaceOrientationPortrait UIInterfaceOrientationLandscapeLeft UIInterfaceOrientationLandscapeRight";
				LD_RUNPATH_SEARCH_PATHS = (
					"$(inherited)",
					"@executable_path/Frameworks",
				);
				MARKETING_VERSION = 1.0;
				PRODUCT_BUNDLE_IDENTIFIER = CTC.ToDoListProject;
				PRODUCT_NAME = "$(TARGET_NAME)";
				SWIFT_EMIT_LOC_STRINGS = YES;
				SWIFT_VERSION = 5.0;
				TARGETED_DEVICE_FAMILY = "1,2";
			};
			name = Debug;
		};
		E9055AD22EB945E1001CF636 /* Release */ = {
			isa = XCBuildConfiguration;
			buildSettings = {
				ASSETCATALOG_COMPILER_APPICON_NAME = AppIcon;
				ASSETCATALOG_COMPILER_GLOBAL_ACCENT_COLOR_NAME = AccentColor;
				CODE_SIGN_STYLE = Automatic;
				CURRENT_PROJECT_VERSION = 1;
				ENABLE_PREVIEWS = YES;
				GENERATE_INFOPLIST_FILE = YES;
				INFOPLIST_KEY_UIApplicationSceneManifest_Generation = YES;
				INFOPLIST_KEY_UIApplicationSupportsIndirectInputEvents = YES;
				INFOPLIST_KEY_UILaunchScreen_Generation = YES;
				INFOPLIST_KEY_UISupportedInterfaceOrientations_iPad = "UIInterfaceOrientationPortrait UIInterfaceOrientationPortraitUpsideDown UIInterfaceOrientationLandscapeLeft UIInterfaceOrientationLandscapeRight";
				INFOPLIST_KEY_UISupportedInterfaceOrientations_iPhone = "UIInterfaceOrientationPortrait UIInterfaceOrientationLandscapeLeft UIInterfaceOrientationLandscapeRight";
				LD_RUNPATH_SEARCH_PATHS = (
					"$(inherited)",
					"@executable_path/Frameworks",
				);
				MARKETING_VERSION = 1.0;
				PRODUCT_BUNDLE_IDENTIFIER = CTC.ToDoListProject;
				PRODUCT_NAME = "$(TARGET_NAME)";
				SWIFT_EMIT_LOC_STRINGS = YES;
				SWIFT_VERSION = 5.0;
				TARGETED_DEVICE_FAMILY = "1,2";
			};
			name = Release;
		};
		E9055AD42EB945E1001CF636 /* Debug */ = {
			isa = XCBuildConfiguration;
			buildSettings = {
				BUNDLE_LOADER = "$(TEST_HOST)";
				CODE_SIGN_STYLE = Automatic;
				CURRENT_PROJECT_VERSION = 1;
				GENERATE_INFOPLIST_FILE = YES;
				IPHONEOS_DEPLOYMENT_TARGET = 18.5;
				MARKETING_VERSION = 1.0;
				PRODUCT_BUNDLE_IDENTIFIER = CTC.ToDoListProjectTests;
				PRODUCT_NAME = "$(TARGET_NAME)";
				SWIFT_EMIT_LOC_STRINGS = NO;
				SWIFT_VERSION = 5.0;
				TARGETED_DEVICE_FAMILY = "1,2";
				TEST_HOST = "$(BUILT_PRODUCTS_DIR)/ToDoListProject.app/$(BUNDLE_EXECUTABLE_FOLDER_PATH)/ToDoListProject";
			};
			name = Debug;
		};
		E9055AD52EB945E1001CF636 /* Release */ = {
			isa = XCBuildConfiguration;
			buildSettings = {
				BUNDLE_LOADER = "$(TEST_HOST)";
				CODE_SIGN_STYLE = Automatic;
				CURRENT_PROJECT_VERSION = 1;
				GENERATE_INFOPLIST_FILE = YES;
				IPHONEOS_DEPLOYMENT_TARGET = 18.5;
				MARKETING_VERSION = 1.0;
				PRODUCT_BUNDLE_IDENTIFIER = CTC.ToDoListProjectTests;
				PRODUCT_NAME = "$(TARGET_NAME)";
				SWIFT_EMIT_LOC_STRINGS = NO;
				SWIFT_VERSION = 5.0;
				TARGETED_DEVICE_FAMILY = "1,2";
				TEST_HOST = "$(BUILT_PRODUCTS_DIR)/ToDoListProject.app/$(BUNDLE_EXECUTABLE_FOLDER_PATH)/ToDoListProject";
			};
			name = Release;
		};
		E9055AD72EB945E1001CF636 /* Debug */ = {
			isa = XCBuildConfiguration;
			buildSettings = {
				CODE_SIGN_STYLE = Automatic;
				CURRENT_PROJECT_VERSION = 1;
				GENERATE_INFOPLIST_FILE = YES;
				MARKETING_VERSION = 1.0;
				PRODUCT_BUNDLE_IDENTIFIER = CTC.ToDoListProjectUITests;
				PRODUCT_NAME = "$(TARGET_NAME)";
				SWIFT_EMIT_LOC_STRINGS = NO;
				SWIFT_VERSION = 5.0;
				TARGETED_DEVICE_FAMILY = "1,2";
				TEST_TARGET_NAME = ToDoListProject;
			};
			name = Debug;
		};
		E9055AD82EB945E1001CF636 /* Release */ = {
			isa = XCBuildConfiguration;
			buildSettings = {
				CODE_SIGN_STYLE = Automatic;
				CURRENT_PROJECT_VERSION = 1;
				GENERATE_INFOPLIST_FILE = YES;
				MARKETING_VERSION = 1.0;
				PRODUCT_BUNDLE_IDENTIFIER = CTC.ToDoListProjectUITests;
				PRODUCT_NAME = "$(TARGET_NAME)";
				SWIFT_EMIT_LOC_STRINGS = NO;
				SWIFT_VERSION = 5.0;
				TARGETED_DEVICE_FAMILY = "1,2";
				TEST_TARGET_NAME = ToDoListProject;
			};
			name = Release;
		};
/* End XCBuildConfiguration section */

/* Begin XCConfigurationList section */
		E9055AAA2EB945DF001CF636 /* Build configuration list for PBXProject "ToDoListProject" */ = {
			isa = XCConfigurationList;
			buildConfigurations = (
				E9055ACE2EB945E1001CF636 /* Debug */,
				E9055ACF2EB945E1001CF636 /* Release */,
			);
			defaultConfigurationIsVisible = 0;
			defaultConfigurationName = Release;
		};
		E9055AD02EB945E1001CF636 /* Build configuration list for PBXNativeTarget "ToDoListProject" */ = {
			isa = XCConfigurationList;
			buildConfigurations = (
				E9055AD12EB945E1001CF636 /* Debug */,
				E9055AD22EB945E1001CF636 /* Release */,
			);
			defaultConfigurationIsVisible = 0;
			defaultConfigurationName = Release;
		};
		E9055AD32EB945E1001CF636 /* Build configuration list for PBXNativeTarget "ToDoListProjectTests" */ = {
			isa = XCConfigurationList;
			buildConfigurations = (
				E9055AD42EB945E1001CF636 /* Debug */,
				E9055AD52EB945E1001CF636 /* Release */,
			);
			defaultConfigurationIsVisible = 0;
			defaultConfigurationName = Release;
		};
		E9055AD62EB945E1001CF636 /* Build configuration list for PBXNativeTarget "ToDoListProjectUITests" */ = {
			isa = XCConfigurationList;
			buildConfigurations = (
				E9055AD72EB945E1001CF636 /* Debug */,
				E9055AD82EB945E1001CF636 /* Release */,
			);
			defaultConfigurationIsVisible = 0;
			defaultConfigurationName = Release;
		};
/* End XCConfigurationList section */
	};
	rootObject = E9055AA72EB945DF001CF636 /* Project object */;
}
